
Microsoft Visual Studio Solution File, Format Version 12.00
# Visual Studio Version 16
VisualStudioVersion = 16.0.29911.84
MinimumVisualStudioVersion = 10.0.40219.1
Project("{8BC9CEB8-8B4A-11D0-8D11-00A0C91BC942}") = "Domashka1", "Domashka1\Domashka1.vcxproj", "{48872CEF-15DC-4B3C-8EA3-60C46FA9367D}"
EndProject
Global
	GlobalSection(SolutionConfigurationPlatforms) = preSolution
		Debug|x64 = Debug|x64
		Debug|x86 = Debug|x86
		Release|x64 = Release|x64
		Release|x86 = Release|x86
	EndGlobalSection
	GlobalSection(ProjectConfigurationPlatforms) = postSolution
		{48872CEF-15DC-4B3C-8EA3-60C46FA9367D}.Debug|x64.ActiveCfg = Debug|x64
		{48872CEF-15DC-4B3C-8EA3-60C46FA9367D}.Debug|x64.Build.0 = Debug|x64
		{48872CEF-15DC-4B3C-8EA3-60C46FA9367D}.Debug|x86.ActiveCfg = Debug|Win32
		{48872CEF-15DC-4B3C-8EA3-60C46FA9367D}.Debug|x86.Build.0 = Debug|Win32
		{48872CEF-15DC-4B3C-8EA3-60C46FA9367D}.Release|x64.ActiveCfg = Release|x64
		{48872CEF-15DC-4B3C-8EA3-60C46FA9367D}.Release|x64.Build.0 = Release|x64
		{48872CEF-15DC-4B3C-8EA3-60C46FA9367D}.Release|x86.ActiveCfg = Release|Win32
		{48872CEF-15DC-4B3C-8EA3-60C46FA9367D}.Release|x86.Build.0 = Release|Win32
	EndGlobalSection
	GlobalSection(SolutionProperties) = preSolution
		HideSolutionNode = FALSE
	EndGlobalSection
	GlobalSection(ExtensibilityGlobals) = postSolution
		SolutionGuid = {192C516A-5B04-4396-AA72-022C875A88D2}
	EndGlobalSection
EndGlobal
